
Microsoft Visual Studio Solution File, Format Version 12.00
# Visual Studio 15
VisualStudioVersion = 15.0.28307.1300
MinimumVisualStudioVersion = 10.0.40219.1
Project("{FAE04EC0-301F-11D3-BF4B-00C04F79EFBC}") = "Avtorization", "Avtorization\Avtorization.csproj", "{4B31AE22-CAA7-4BDF-94BB-5ED592C77CC1}"
EndProject
Global
	GlobalSection(SolutionConfigurationPlatforms) = preSolution
		Debug|Any CPU = Debug|Any CPU
		Release|Any CPU = Release|Any CPU
	EndGlobalSection
	GlobalSection(ProjectConfigurationPlatforms) = postSolution
		{4B31AE22-CAA7-4BDF-94BB-5ED592C77CC1}.Debug|Any CPU.ActiveCfg = Debug|Any CPU
		{4B31AE22-CAA7-4BDF-94BB-5ED592C77CC1}.Debug|Any CPU.Build.0 = Debug|Any CPU
		{4B31AE22-CAA7-4BDF-94BB-5ED592C77CC1}.Release|Any CPU.ActiveCfg = Release|Any CPU
		{4B31AE22-CAA7-4BDF-94BB-5ED592C77CC1}.Release|Any CPU.Build.0 = Release|Any CPU
	EndGlobalSection
	GlobalSection(SolutionProperties) = preSolution
		HideSolutionNode = FALSE
	EndGlobalSection
	GlobalSection(ExtensibilityGlobals) = postSolution
		SolutionGuid = {B4E29883-70F2-4F68-9049-C27026380649}
	EndGlobalSection
EndGlobal
